{"name":"your-package-name","version":"1.0.0","lockfileVersion":3,"dependencies":{"electron":{"version":"33.2.1","resolved":"https://registry.npmjs.org/electron/-/electron-33.2.1.tgz","integrity":"sha512-xxxxxxxxxxxxxxxxxxxxxxxxxxxxxxxxxxxxxxxxxxxxx","dev":true},"electron-builder":{"version":"25.1.8","resolved":"https://registry.npmjs.org/electron-builder/-/electron-builder-25.1.8.tgz","integrity":"sha512-xxxxxxxxxxxxxxxxxxxxxxxxxxxxxxxxxxxxxxxxxxxxx","dev":true},"concurrently":{"version":"9.0.1","resolved":"https://registry.npmjs.org/concurrently/-/concurrently-9.0.1.tgz","integrity":"sha512-xxxxxxxxxxxxxxxxxxxxxxxxxxxxxxxxxxxxxxxxxxxxx","dev":true},"wait-on":{"version":"8.0.1","resolved":"https://registry.npmjs.org/wait-on/-/wait-on-8.0.1.tgz","integrity":"sha512-xxxxxxxxxxxxxxxxxxxxxxxxxxxxxxxxxxxxxxxxxxxxx","dev":true}},"devDependencies":{}}